
Microsoft Visual Studio Solution File, Format Version 12.00
# Visual Studio 2013
VisualStudioVersion = 12.0.31101.0
MinimumVisualStudioVersion = 10.0.40219.1
Project("{FAE04EC0-301F-11D3-BF4B-00C04F79EFBC}") = "Server.Web.Services", "HaikusApp\Server.Web.Services.csproj", "{C22962BB-BE1E-4270-A7EB-9A9815236B30}"
EndProject
Project("{FAE04EC0-301F-11D3-BF4B-00C04F79EFBC}") = "Server.Data", "Server.Data\Server.Data.csproj", "{857D7487-360C-45C4-9FAA-BFD4C0B24FF7}"
EndProject
Project("{00D1A9C2-B5F0-4AF3-8072-F6C62B433612}") = "Server.Data.Database", "Server.Data.Database\Server.Data.Database.sqlproj", "{3564F2EA-3239-42C1-B385-F75F02B9C5CA}"
EndProject
Project("{FAE04EC0-301F-11D3-BF4B-00C04F79EFBC}") = "Server.Logging", "Server.Logging\Server.Logging.csproj", "{F3F61596-56F7-4DC6-9FA5-5A391F2A7B63}"
EndProject
Project("{2150E333-8FDC-42A3-9474-1A3956D46DE8}") = "Tests", "Tests", "{D1079591-4303-461E-AF45-ECA2A8E1FEA4}"
EndProject
Project("{FAE04EC0-301F-11D3-BF4B-00C04F79EFBC}") = "Server.Data.Tests", "Server.Data.Test\Server.Data.Tests.csproj", "{F0C8EAD8-FD34-4ACC-A6C0-9E2612EE32BE}"
EndProject
Global
	GlobalSection(SolutionConfigurationPlatforms) = preSolution
		Debug|Any CPU = Debug|Any CPU
		Release|Any CPU = Release|Any CPU
	EndGlobalSection
	GlobalSection(ProjectConfigurationPlatforms) = postSolution
		{C22962BB-BE1E-4270-A7EB-9A9815236B30}.Debug|Any CPU.ActiveCfg = Debug|Any CPU
		{C22962BB-BE1E-4270-A7EB-9A9815236B30}.Debug|Any CPU.Build.0 = Debug|Any CPU
		{C22962BB-BE1E-4270-A7EB-9A9815236B30}.Release|Any CPU.ActiveCfg = Release|Any CPU
		{C22962BB-BE1E-4270-A7EB-9A9815236B30}.Release|Any CPU.Build.0 = Release|Any CPU
		{857D7487-360C-45C4-9FAA-BFD4C0B24FF7}.Debug|Any CPU.ActiveCfg = Debug|Any CPU
		{857D7487-360C-45C4-9FAA-BFD4C0B24FF7}.Debug|Any CPU.Build.0 = Debug|Any CPU
		{857D7487-360C-45C4-9FAA-BFD4C0B24FF7}.Release|Any CPU.ActiveCfg = Release|Any CPU
		{857D7487-360C-45C4-9FAA-BFD4C0B24FF7}.Release|Any CPU.Build.0 = Release|Any CPU
		{3564F2EA-3239-42C1-B385-F75F02B9C5CA}.Debug|Any CPU.ActiveCfg = Debug|Any CPU
		{3564F2EA-3239-42C1-B385-F75F02B9C5CA}.Debug|Any CPU.Build.0 = Debug|Any CPU
		{3564F2EA-3239-42C1-B385-F75F02B9C5CA}.Debug|Any CPU.Deploy.0 = Debug|Any CPU
		{3564F2EA-3239-42C1-B385-F75F02B9C5CA}.Release|Any CPU.ActiveCfg = Release|Any CPU
		{3564F2EA-3239-42C1-B385-F75F02B9C5CA}.Release|Any CPU.Build.0 = Release|Any CPU
		{3564F2EA-3239-42C1-B385-F75F02B9C5CA}.Release|Any CPU.Deploy.0 = Release|Any CPU
		{F3F61596-56F7-4DC6-9FA5-5A391F2A7B63}.Debug|Any CPU.ActiveCfg = Debug|Any CPU
		{F3F61596-56F7-4DC6-9FA5-5A391F2A7B63}.Debug|Any CPU.Build.0 = Debug|Any CPU
		{F3F61596-56F7-4DC6-9FA5-5A391F2A7B63}.Release|Any CPU.ActiveCfg = Release|Any CPU
		{F3F61596-56F7-4DC6-9FA5-5A391F2A7B63}.Release|Any CPU.Build.0 = Release|Any CPU
		{F0C8EAD8-FD34-4ACC-A6C0-9E2612EE32BE}.Debug|Any CPU.ActiveCfg = Debug|Any CPU
		{F0C8EAD8-FD34-4ACC-A6C0-9E2612EE32BE}.Debug|Any CPU.Build.0 = Debug|Any CPU
		{F0C8EAD8-FD34-4ACC-A6C0-9E2612EE32BE}.Release|Any CPU.ActiveCfg = Release|Any CPU
		{F0C8EAD8-FD34-4ACC-A6C0-9E2612EE32BE}.Release|Any CPU.Build.0 = Release|Any CPU
	EndGlobalSection
	GlobalSection(SolutionProperties) = preSolution
		HideSolutionNode = FALSE
	EndGlobalSection
	GlobalSection(NestedProjects) = preSolution
		{F0C8EAD8-FD34-4ACC-A6C0-9E2612EE32BE} = {D1079591-4303-461E-AF45-ECA2A8E1FEA4}
	EndGlobalSection
EndGlobal
